
Microsoft Visual Studio Solution File, Format Version 12.00
# Visual Studio 15
VisualStudioVersion = 15.0.26430.16
MinimumVisualStudioVersion = 10.0.40219.1
Project("{F184B08F-C81C-45F6-A57F-5ABD9991F28F}") = "LogisPack_v1.2", "LogisPack_v1.2\LogisPack_v1.2.vbproj", "{CD8E53D2-B177-494B-AE08-1CEEF98E43D7}"
EndProject
Project("{F184B08F-C81C-45F6-A57F-5ABD9991F28F}") = "LogisPack_v1.2.Tests", "LogisPack_v1.2.Tests\LogisPack_v1.2.Tests.vbproj", "{F5890587-AF6E-47F8-84E1-4F1BA50EE026}"
EndProject
Project("{F184B08F-C81C-45F6-A57F-5ABD9991F28F}") = "CapaDatos", "..\CapaDatos\CapaDatos.vbproj", "{CDA7A603-E1F7-4807-8064-907048030111}"
EndProject
Project("{F184B08F-C81C-45F6-A57F-5ABD9991F28F}") = "PruebaInterfaz", "PruebaInterfaz\PruebaInterfaz.vbproj", "{97CA722E-F863-4F67-B777-14A2D5BB634A}"
EndProject
Global
	GlobalSection(SolutionConfigurationPlatforms) = preSolution
		Debug|Any CPU = Debug|Any CPU
		Release|Any CPU = Release|Any CPU
	EndGlobalSection
	GlobalSection(ProjectConfigurationPlatforms) = postSolution
		{CD8E53D2-B177-494B-AE08-1CEEF98E43D7}.Debug|Any CPU.ActiveCfg = Debug|Any CPU
		{CD8E53D2-B177-494B-AE08-1CEEF98E43D7}.Debug|Any CPU.Build.0 = Debug|Any CPU
		{CD8E53D2-B177-494B-AE08-1CEEF98E43D7}.Release|Any CPU.ActiveCfg = Release|Any CPU
		{CD8E53D2-B177-494B-AE08-1CEEF98E43D7}.Release|Any CPU.Build.0 = Release|Any CPU
		{F5890587-AF6E-47F8-84E1-4F1BA50EE026}.Debug|Any CPU.ActiveCfg = Debug|Any CPU
		{F5890587-AF6E-47F8-84E1-4F1BA50EE026}.Debug|Any CPU.Build.0 = Debug|Any CPU
		{F5890587-AF6E-47F8-84E1-4F1BA50EE026}.Release|Any CPU.ActiveCfg = Release|Any CPU
		{F5890587-AF6E-47F8-84E1-4F1BA50EE026}.Release|Any CPU.Build.0 = Release|Any CPU
		{CDA7A603-E1F7-4807-8064-907048030111}.Debug|Any CPU.ActiveCfg = Debug|Any CPU
		{CDA7A603-E1F7-4807-8064-907048030111}.Debug|Any CPU.Build.0 = Debug|Any CPU
		{CDA7A603-E1F7-4807-8064-907048030111}.Release|Any CPU.ActiveCfg = Release|Any CPU
		{CDA7A603-E1F7-4807-8064-907048030111}.Release|Any CPU.Build.0 = Release|Any CPU
		{97CA722E-F863-4F67-B777-14A2D5BB634A}.Debug|Any CPU.ActiveCfg = Debug|Any CPU
		{97CA722E-F863-4F67-B777-14A2D5BB634A}.Debug|Any CPU.Build.0 = Debug|Any CPU
		{97CA722E-F863-4F67-B777-14A2D5BB634A}.Release|Any CPU.ActiveCfg = Release|Any CPU
		{97CA722E-F863-4F67-B777-14A2D5BB634A}.Release|Any CPU.Build.0 = Release|Any CPU
	EndGlobalSection
	GlobalSection(SolutionProperties) = preSolution
		HideSolutionNode = FALSE
	EndGlobalSection
EndGlobal
